
Microsoft Visual Studio Solution File, Format Version 12.00
# Visual Studio Version 16
VisualStudioVersion = 16.0.29215.179
MinimumVisualStudioVersion = 10.0.40219.1
Project("{FAE04EC0-301F-11D3-BF4B-00C04F79EFBC}") = "Figuras", "Figuras\Figuras.csproj", "{DFE6289A-8630-424B-AA51-D4610A82C237}"
EndProject
Global
	GlobalSection(SolutionConfigurationPlatforms) = preSolution
		Debug|Any CPU = Debug|Any CPU
		Release|Any CPU = Release|Any CPU
	EndGlobalSection
	GlobalSection(ProjectConfigurationPlatforms) = postSolution
		{DFE6289A-8630-424B-AA51-D4610A82C237}.Debug|Any CPU.ActiveCfg = Debug|Any CPU
		{DFE6289A-8630-424B-AA51-D4610A82C237}.Debug|Any CPU.Build.0 = Debug|Any CPU
		{DFE6289A-8630-424B-AA51-D4610A82C237}.Release|Any CPU.ActiveCfg = Release|Any CPU
		{DFE6289A-8630-424B-AA51-D4610A82C237}.Release|Any CPU.Build.0 = Release|Any CPU
	EndGlobalSection
	GlobalSection(SolutionProperties) = preSolution
		HideSolutionNode = FALSE
	EndGlobalSection
	GlobalSection(ExtensibilityGlobals) = postSolution
		SolutionGuid = {0EC3014C-6669-4239-8B9E-CE4297E61DE8}
	EndGlobalSection
EndGlobal
